// !$*UTF8*$!
{
	archiveVersion = 1;
	classes = {
	};
	objectVersion = 77;
	objects = {

/* Begin PBXContainerItemProxy section */
		FA72230F2E845E8B00AAA68B /* PBXContainerItemProxy */ = {
			isa = PBXContainerItemProxy;
			containerPortal = FA7222F82E845E8900AAA68B /* Project object */;
			proxyType = 1;
			remoteGlobalIDString = FA7222FF2E845E8900AAA68B;
			remoteInfo = OpenSeaTakehome;
		};
		FA7223192E845E8B00AAA68B /* PBXContainerItemProxy */ = {
			isa = PBXContainerItemProxy;
			containerPortal = FA7222F82E845E8900AAA68B /* Project object */;
			proxyType = 1;
			remoteGlobalIDString = FA7222FF2E845E8900AAA68B;
			remoteInfo = OpenSeaTakehome;
		};
/* End PBXContainerItemProxy section */

/* Begin PBXFileReference section */
		FA7223002E845E8900AAA68B /* OpenSeaTakehome.app */ = {isa = PBXFileReference; explicitFileType = wrapper.application; includeInIndex = 0; path = OpenSeaTakehome.app; sourceTree = BUILT_PRODUCTS_DIR; };
		FA72230E2E845E8B00AAA68B /* OpenSeaTakehomeTests.xctest */ = {isa = PBXFileReference; explicitFileType = wrapper.cfbundle; includeInIndex = 0; path = OpenSeaTakehomeTests.xctest; sourceTree = BUILT_PRODUCTS_DIR; };
		FA7223182E845E8B00AAA68B /* OpenSeaTakehomeUITests.xctest */ = {isa = PBXFileReference; explicitFileType = wrapper.cfbundle; includeInIndex = 0; path = OpenSeaTakehomeUITests.xctest; sourceTree = BUILT_PRODUCTS_DIR; };
/* End PBXFileReference section */

/* Begin PBXFileSystemSynchronizedBuildFileExceptionSet section */
		FA7223312E84644500AAA68B /* Exceptions for "OpenSeaTakehome" folder in "OpenSeaTakehome" target */ = {
			isa = PBXFileSystemSynchronizedBuildFileExceptionSet;
			membershipExceptions = (
				Info.plist,
			);
			target = FA7222FF2E845E8900AAA68B /* OpenSeaTakehome */;
		};
		FA72237D2E8476BB00AAA68B /* Exceptions for "Scripts" folder in "OpenSeaTakehome" target */ = {
			isa = PBXFileSystemSynchronizedBuildFileExceptionSet;
			membershipExceptions = (
				"accessibility-audit.sh",
				"commit-ai.sh",
				"create-feature.sh",
				"generate-docs.sh",
				"install-aliases.sh",
				setup.sh,
			);
			target = FA7222FF2E845E8900AAA68B /* OpenSeaTakehome */;
		};
/* End PBXFileSystemSynchronizedBuildFileExceptionSet section */

/* Begin PBXFileSystemSynchronizedRootGroup section */
		FA7223022E845E8900AAA68B /* OpenSeaTakehome */ = {
			isa = PBXFileSystemSynchronizedRootGroup;
			exceptions = (
				FA7223312E84644500AAA68B /* Exceptions for "OpenSeaTakehome" folder in "OpenSeaTakehome" target */,
			);
			path = OpenSeaTakehome;
			sourceTree = "<group>";
		};
		FA7223112E845E8B00AAA68B /* OpenSeaTakehomeTests */ = {
			isa = PBXFileSystemSynchronizedRootGroup;
			path = OpenSeaTakehomeTests;
			sourceTree = "<group>";
		};
		FA72231B2E845E8B00AAA68B /* OpenSeaTakehomeUITests */ = {
			isa = PBXFileSystemSynchronizedRootGroup;
			path = OpenSeaTakehomeUITests;
			sourceTree = "<group>";
		};
		FA72232B2E845EC900AAA68B /* Configuration */ = {
			isa = PBXFileSystemSynchronizedRootGroup;
			path = Configuration;
			sourceTree = "<group>";
		};
		FA7223362E8464B400AAA68B /* Core */ = {
			isa = PBXFileSystemSynchronizedRootGroup;
			path = Core;
			sourceTree = "<group>";
		};
		FA72235C2E846A0500AAA68B /* DesignSystem */ = {
			isa = PBXFileSystemSynchronizedRootGroup;
			path = DesignSystem;
			sourceTree = "<group>";
		};
		FA7223642E846AC700AAA68B /* Resources */ = {
			isa = PBXFileSystemSynchronizedRootGroup;
			path = Resources;
			sourceTree = "<group>";
		};
		FA7223702E8470B100AAA68B /* Scripts */ = {
			isa = PBXFileSystemSynchronizedRootGroup;
			exceptions = (
				FA72237D2E8476BB00AAA68B /* Exceptions for "Scripts" folder in "OpenSeaTakehome" target */,
			);
			path = Scripts;
			sourceTree = "<group>";
		};
/* End PBXFileSystemSynchronizedRootGroup section */

/* Begin PBXFrameworksBuildPhase section */
		FA7222FD2E845E8900AAA68B /* Frameworks */ = {
			isa = PBXFrameworksBuildPhase;
			buildActionMask = 2147483647;
			files = (
			);
			runOnlyForDeploymentPostprocessing = 0;
		};
		FA72230B2E845E8B00AAA68B /* Frameworks */ = {
			isa = PBXFrameworksBuildPhase;
			buildActionMask = 2147483647;
			files = (
			);
			runOnlyForDeploymentPostprocessing = 0;
		};
		FA7223152E845E8B00AAA68B /* Frameworks */ = {
			isa = PBXFrameworksBuildPhase;
			buildActionMask = 2147483647;
			files = (
			);
			runOnlyForDeploymentPostprocessing = 0;
		};
/* End PBXFrameworksBuildPhase section */

/* Begin PBXGroup section */
		FA7222F72E845E8900AAA68B = {
			isa = PBXGroup;
			children = (
				FA7223702E8470B100AAA68B /* Scripts */,
				FA7223642E846AC700AAA68B /* Resources */,
				FA72235C2E846A0500AAA68B /* DesignSystem */,
				FA7223362E8464B400AAA68B /* Core */,
				FA72232B2E845EC900AAA68B /* Configuration */,
				FA7223022E845E8900AAA68B /* OpenSeaTakehome */,
				FA7223112E845E8B00AAA68B /* OpenSeaTakehomeTests */,
				FA72231B2E845E8B00AAA68B /* OpenSeaTakehomeUITests */,
				FA7223012E845E8900AAA68B /* Products */,
			);
			sourceTree = "<group>";
		};
		FA7223012E845E8900AAA68B /* Products */ = {
			isa = PBXGroup;
			children = (
				FA7223002E845E8900AAA68B /* OpenSeaTakehome.app */,
				FA72230E2E845E8B00AAA68B /* OpenSeaTakehomeTests.xctest */,
				FA7223182E845E8B00AAA68B /* OpenSeaTakehomeUITests.xctest */,
			);
			name = Products;
			sourceTree = "<group>";
		};
/* End PBXGroup section */

/* Begin PBXNativeTarget section */
		FA7222FF2E845E8900AAA68B /* OpenSeaTakehome */ = {
			isa = PBXNativeTarget;
			buildConfigurationList = FA7223222E845E8B00AAA68B /* Build configuration list for PBXNativeTarget "OpenSeaTakehome" */;
			buildPhases = (
				FA7222FC2E845E8900AAA68B /* Sources */,
				FA7222FD2E845E8900AAA68B /* Frameworks */,
				FA7222FE2E845E8900AAA68B /* Resources */,
			);
			buildRules = (
			);
			dependencies = (
			);
			fileSystemSynchronizedGroups = (
				FA7223022E845E8900AAA68B /* OpenSeaTakehome */,
				FA72232B2E845EC900AAA68B /* Configuration */,
				FA7223362E8464B400AAA68B /* Core */,
				FA72235C2E846A0500AAA68B /* DesignSystem */,
				FA7223642E846AC700AAA68B /* Resources */,
				FA7223702E8470B100AAA68B /* Scripts */,
			);
			name = OpenSeaTakehome;
			packageProductDependencies = (
			);
			productName = OpenSeaTakehome;
			productReference = FA7223002E845E8900AAA68B /* OpenSeaTakehome.app */;
			productType = "com.apple.product-type.application";
		};
		FA72230D2E845E8B00AAA68B /* OpenSeaTakehomeTests */ = {
			isa = PBXNativeTarget;
			buildConfigurationList = FA7223252E845E8B00AAA68B /* Build configuration list for PBXNativeTarget "OpenSeaTakehomeTests" */;
			buildPhases = (
				FA72230A2E845E8B00AAA68B /* Sources */,
				FA72230B2E845E8B00AAA68B /* Frameworks */,
				FA72230C2E845E8B00AAA68B /* Resources */,
			);
			buildRules = (
			);
			dependencies = (
				FA7223102E845E8B00AAA68B /* PBXTargetDependency */,
			);
			fileSystemSynchronizedGroups = (
				FA7223112E845E8B00AAA68B /* OpenSeaTakehomeTests */,
			);
			name = OpenSeaTakehomeTests;
			packageProductDependencies = (
			);
			productName = OpenSeaTakehomeTests;
			productReference = FA72230E2E845E8B00AAA68B /* OpenSeaTakehomeTests.xctest */;
			productType = "com.apple.product-type.bundle.unit-test";
		};
		FA7223172E845E8B00AAA68B /* OpenSeaTakehomeUITests */ = {
			isa = PBXNativeTarget;
			buildConfigurationList = FA7223282E845E8B00AAA68B /* Build configuration list for PBXNativeTarget "OpenSeaTakehomeUITests" */;
			buildPhases = (
				FA7223142E845E8B00AAA68B /* Sources */,
				FA7223152E845E8B00AAA68B /* Frameworks */,
				FA7223162E845E8B00AAA68B /* Resources */,
			);
			buildRules = (
			);
			dependencies = (
				FA72231A2E845E8B00AAA68B /* PBXTargetDependency */,
			);
			fileSystemSynchronizedGroups = (
				FA72231B2E845E8B00AAA68B /* OpenSeaTakehomeUITests */,
			);
			name = OpenSeaTakehomeUITests;
			packageProductDependencies = (
			);
			productName = OpenSeaTakehomeUITests;
			productReference = FA7223182E845E8B00AAA68B /* OpenSeaTakehomeUITests.xctest */;
			productType = "com.apple.product-type.bundle.ui-testing";
		};
/* End PBXNativeTarget section */

/* Begin PBXProject section */
		FA7222F82E845E8900AAA68B /* Project object */ = {
			isa = PBXProject;
			attributes = {
				BuildIndependentTargetsInParallel = 1;
				LastSwiftUpdateCheck = 1640;
				LastUpgradeCheck = 1640;
				TargetAttributes = {
					FA7222FF2E845E8900AAA68B = {
						CreatedOnToolsVersion = 16.4;
					};
					FA72230D2E845E8B00AAA68B = {
						CreatedOnToolsVersion = 16.4;
						TestTargetID = FA7222FF2E845E8900AAA68B;
					};
					FA7223172E845E8B00AAA68B = {
						CreatedOnToolsVersion = 16.4;
						TestTargetID = FA7222FF2E845E8900AAA68B;
					};
				};
			};
			buildConfigurationList = FA7222FB2E845E8900AAA68B /* Build configuration list for PBXProject "OpenSeaTakehome" */;
			developmentRegion = en;
			hasScannedForEncodings = 0;
			knownRegions = (
				en,
				Base,
			);
			mainGroup = FA7222F72E845E8900AAA68B;
			minimizedProjectReferenceProxies = 1;
			preferredProjectObjectVersion = 77;
			productRefGroup = FA7223012E845E8900AAA68B /* Products */;
			projectDirPath = "";
			projectRoot = "";
			targets = (
				FA7222FF2E845E8900AAA68B /* OpenSeaTakehome */,
				FA72230D2E845E8B00AAA68B /* OpenSeaTakehomeTests */,
				FA7223172E845E8B00AAA68B /* OpenSeaTakehomeUITests */,
			);
		};
/* End PBXProject section */

/* Begin PBXResourcesBuildPhase section */
		FA7222FE2E845E8900AAA68B /* Resources */ = {
			isa = PBXResourcesBuildPhase;
			buildActionMask = 2147483647;
			files = (
			);
			runOnlyForDeploymentPostprocessing = 0;
		};
		FA72230C2E845E8B00AAA68B /* Resources */ = {
			isa = PBXResourcesBuildPhase;
			buildActionMask = 2147483647;
			files = (
			);
			runOnlyForDeploymentPostprocessing = 0;
		};
		FA7223162E845E8B00AAA68B /* Resources */ = {
			isa = PBXResourcesBuildPhase;
			buildActionMask = 2147483647;
			files = (
			);
			runOnlyForDeploymentPostprocessing = 0;
		};
/* End PBXResourcesBuildPhase section */

/* Begin PBXSourcesBuildPhase section */
		FA7222FC2E845E8900AAA68B /* Sources */ = {
			isa = PBXSourcesBuildPhase;
			buildActionMask = 2147483647;
			files = (
			);
			runOnlyForDeploymentPostprocessing = 0;
		};
		FA72230A2E845E8B00AAA68B /* Sources */ = {
			isa = PBXSourcesBuildPhase;
			buildActionMask = 2147483647;
			files = (
			);
			runOnlyForDeploymentPostprocessing = 0;
		};
		FA7223142E845E8B00AAA68B /* Sources */ = {
			isa = PBXSourcesBuildPhase;
			buildActionMask = 2147483647;
			files = (
			);
			runOnlyForDeploymentPostprocessing = 0;
		};
/* End PBXSourcesBuildPhase section */

/* Begin PBXTargetDependency section */
		FA7223102E845E8B00AAA68B /* PBXTargetDependency */ = {
			isa = PBXTargetDependency;
			target = FA7222FF2E845E8900AAA68B /* OpenSeaTakehome */;
			targetProxy = FA72230F2E845E8B00AAA68B /* PBXContainerItemProxy */;
		};
		FA72231A2E845E8B00AAA68B /* PBXTargetDependency */ = {
			isa = PBXTargetDependency;
			target = FA7222FF2E845E8900AAA68B /* OpenSeaTakehome */;
			targetProxy = FA7223192E845E8B00AAA68B /* PBXContainerItemProxy */;
		};
/* End PBXTargetDependency section */

/* Begin XCBuildConfiguration section */
		FA7223202E845E8B00AAA68B /* Debug */ = {
			isa = XCBuildConfiguration;
			baseConfigurationReferenceAnchor = FA72232B2E845EC900AAA68B /* Configuration */;
			baseConfigurationReferenceRelativePath = Secrets.xcconfig;
			buildSettings = {
				ALWAYS_SEARCH_USER_PATHS = NO;
				ASSETCATALOG_COMPILER_GENERATE_SWIFT_ASSET_SYMBOL_EXTENSIONS = YES;
				CLANG_ANALYZER_NONNULL = YES;
				CLANG_ANALYZER_NUMBER_OBJECT_CONVERSION = YES_AGGRESSIVE;
				CLANG_CXX_LANGUAGE_STANDARD = "gnu++20";
				CLANG_ENABLE_MODULES = YES;
				CLANG_ENABLE_OBJC_ARC = YES;
				CLANG_ENABLE_OBJC_WEAK = YES;
				CLANG_WARN_BLOCK_CAPTURE_AUTORELEASING = YES;
				CLANG_WARN_BOOL_CONVERSION = YES;
				CLANG_WARN_COMMA = YES;
				CLANG_WARN_CONSTANT_CONVERSION = YES;
				CLANG_WARN_DEPRECATED_OBJC_IMPLEMENTATIONS = YES;
				CLANG_WARN_DIRECT_OBJC_ISA_USAGE = YES_ERROR;
				CLANG_WARN_DOCUMENTATION_COMMENTS = YES;
				CLANG_WARN_EMPTY_BODY = YES;
				CLANG_WARN_ENUM_CONVERSION = YES;
				CLANG_WARN_INFINITE_RECURSION = YES;
				CLANG_WARN_INT_CONVERSION = YES;
				CLANG_WARN_NON_LITERAL_NULL_CONVERSION = YES;
				CLANG_WARN_OBJC_IMPLICIT_RETAIN_SELF = YES;
				CLANG_WARN_OBJC_LITERAL_CONVERSION = YES;
				CLANG_WARN_OBJC_ROOT_CLASS = YES_ERROR;
				CLANG_WARN_QUOTED_INCLUDE_IN_FRAMEWORK_HEADER = YES;
				CLANG_WARN_RANGE_LOOP_ANALYSIS = YES;
				CLANG_WARN_STRICT_PROTOTYPES = YES;
				CLANG_WARN_SUSPICIOUS_MOVE = YES;
				CLANG_WARN_UNGUARDED_AVAILABILITY = YES_AGGRESSIVE;
				CLANG_WARN_UNREACHABLE_CODE = YES;
				CLANG_WARN__DUPLICATE_METHOD_MATCH = YES;
				COPY_PHASE_STRIP = NO;
				DEBUG_INFORMATION_FORMAT = dwarf;
				DEVELOPMENT_TEAM = 2TB8A3S45H;
				ENABLE_STRICT_OBJC_MSGSEND = YES;
				ENABLE_TESTABILITY = YES;
				ENABLE_USER_SCRIPT_SANDBOXING = YES;
				GCC_C_LANGUAGE_STANDARD = gnu17;
				GCC_DYNAMIC_NO_PIC = NO;
				GCC_NO_COMMON_BLOCKS = YES;
				GCC_OPTIMIZATION_LEVEL = 0;
				GCC_PREPROCESSOR_DEFINITIONS = (
					"DEBUG=1",
					"$(inherited)",
				);
				GCC_WARN_64_TO_32_BIT_CONVERSION = YES;
				GCC_WARN_ABOUT_RETURN_TYPE = YES_ERROR;
				GCC_WARN_UNDECLARED_SELECTOR = YES;
				GCC_WARN_UNINITIALIZED_AUTOS = YES_AGGRESSIVE;
				GCC_WARN_UNUSED_FUNCTION = YES;
				GCC_WARN_UNUSED_VARIABLE = YES;
				LOCALIZATION_PREFERS_STRING_CATALOGS = YES;
				MTL_ENABLE_DEBUG_INFO = INCLUDE_SOURCE;
				MTL_FAST_MATH = YES;
				ONLY_ACTIVE_ARCH = YES;
				SWIFT_ACTIVE_COMPILATION_CONDITIONS = "DEBUG $(inherited)";
				SWIFT_EMIT_LOC_STRINGS = YES;
				SWIFT_OPTIMIZATION_LEVEL = "-Onone";
			};
			name = Debug;
		};
		FA7223212E845E8B00AAA68B /* Release */ = {
			isa = XCBuildConfiguration;
			buildSettings = {
				ALWAYS_SEARCH_USER_PATHS = NO;
				ASSETCATALOG_COMPILER_GENERATE_SWIFT_ASSET_SYMBOL_EXTENSIONS = YES;
				CLANG_ANALYZER_NONNULL = YES;
				CLANG_ANALYZER_NUMBER_OBJECT_CONVERSION = YES_AGGRESSIVE;
				CLANG_CXX_LANGUAGE_STANDARD = "gnu++20";
				CLANG_ENABLE_MODULES = YES;
				CLANG_ENABLE_OBJC_ARC = YES;
				CLANG_ENABLE_OBJC_WEAK = YES;
				CLANG_WARN_BLOCK_CAPTURE_AUTORELEASING = YES;
				CLANG_WARN_BOOL_CONVERSION = YES;
				CLANG_WARN_COMMA = YES;
				CLANG_WARN_CONSTANT_CONVERSION = YES;
				CLANG_WARN_DEPRECATED_OBJC_IMPLEMENTATIONS = YES;
				CLANG_WARN_DIRECT_OBJC_ISA_USAGE = YES_ERROR;
				CLANG_WARN_DOCUMENTATION_COMMENTS = YES;
				CLANG_WARN_EMPTY_BODY = YES;
				CLANG_WARN_ENUM_CONVERSION = YES;
				CLANG_WARN_INFINITE_RECURSION = YES;
				CLANG_WARN_INT_CONVERSION = YES;
				CLANG_WARN_NON_LITERAL_NULL_CONVERSION = YES;
				CLANG_WARN_OBJC_IMPLICIT_RETAIN_SELF = YES;
				CLANG_WARN_OBJC_LITERAL_CONVERSION = YES;
				CLANG_WARN_OBJC_ROOT_CLASS = YES_ERROR;
				CLANG_WARN_QUOTED_INCLUDE_IN_FRAMEWORK_HEADER = YES;
				CLANG_WARN_RANGE_LOOP_ANALYSIS = YES;
				CLANG_WARN_STRICT_PROTOTYPES = YES;
				CLANG_WARN_SUSPICIOUS_MOVE = YES;
				CLANG_WARN_UNGUARDED_AVAILABILITY = YES_AGGRESSIVE;
				CLANG_WARN_UNREACHABLE_CODE = YES;
				CLANG_WARN__DUPLICATE_METHOD_MATCH = YES;
				COPY_PHASE_STRIP = NO;
				DEBUG_INFORMATION_FORMAT = "dwarf-with-dsym";
				DEVELOPMENT_TEAM = 2TB8A3S45H;
				ENABLE_NS_ASSERTIONS = NO;
				ENABLE_STRICT_OBJC_MSGSEND = YES;
				ENABLE_USER_SCRIPT_SANDBOXING = YES;
				GCC_C_LANGUAGE_STANDARD = gnu17;
				GCC_NO_COMMON_BLOCKS = YES;
				GCC_WARN_64_TO_32_BIT_CONVERSION = YES;
				GCC_WARN_ABOUT_RETURN_TYPE = YES_ERROR;
				GCC_WARN_UNDECLARED_SELECTOR = YES;
				GCC_WARN_UNINITIALIZED_AUTOS = YES_AGGRESSIVE;
				GCC_WARN_UNUSED_FUNCTION = YES;
				GCC_WARN_UNUSED_VARIABLE = YES;
				LOCALIZATION_PREFERS_STRING_CATALOGS = YES;
				MTL_ENABLE_DEBUG_INFO = NO;
				MTL_FAST_MATH = YES;
				SWIFT_COMPILATION_MODE = wholemodule;
				SWIFT_EMIT_LOC_STRINGS = YES;
			};
			name = Release;
		};
		FA7223232E845E8B00AAA68B /* Debug */ = {
			isa = XCBuildConfiguration;
			baseConfigurationReferenceAnchor = FA72232B2E845EC900AAA68B /* Configuration */;
			baseConfigurationReferenceRelativePath = Secrets.xcconfig;
			buildSettings = {
				ASSETCATALOG_COMPILER_APPICON_NAME = AppIcon;
				ASSETCATALOG_COMPILER_GLOBAL_ACCENT_COLOR_NAME = AccentColor;
				CODE_SIGN_ENTITLEMENTS = OpenSeaTakehome/OpenSeaTakehome.entitlements;
				CODE_SIGN_STYLE = Automatic;
				CURRENT_PROJECT_VERSION = 1;
				DEVELOPMENT_TEAM = 2TB8A3S45H;
				ENABLE_HARDENED_RUNTIME = YES;
				ENABLE_PREVIEWS = YES;
				GENERATE_INFOPLIST_FILE = YES;
				INFOPLIST_FILE = OpenSeaTakehome/Info.plist;
				"INFOPLIST_KEY_UIApplicationSceneManifest_Generation[sdk=iphoneos*]" = YES;
				"INFOPLIST_KEY_UIApplicationSceneManifest_Generation[sdk=iphonesimulator*]" = YES;
				"INFOPLIST_KEY_UIApplicationSupportsIndirectInputEvents[sdk=iphoneos*]" = YES;
				"INFOPLIST_KEY_UIApplicationSupportsIndirectInputEvents[sdk=iphonesimulator*]" = YES;
				"INFOPLIST_KEY_UILaunchScreen_Generation[sdk=iphoneos*]" = YES;
				"INFOPLIST_KEY_UILaunchScreen_Generation[sdk=iphonesimulator*]" = YES;
				"INFOPLIST_KEY_UIStatusBarStyle[sdk=iphoneos*]" = UIStatusBarStyleDefault;
				"INFOPLIST_KEY_UIStatusBarStyle[sdk=iphonesimulator*]" = UIStatusBarStyleDefault;
				INFOPLIST_KEY_UISupportedInterfaceOrientations_iPad = "UIInterfaceOrientationPortrait UIInterfaceOrientationPortraitUpsideDown UIInterfaceOrientationLandscapeLeft UIInterfaceOrientationLandscapeRight";
				INFOPLIST_KEY_UISupportedInterfaceOrientations_iPhone = "UIInterfaceOrientationPortrait UIInterfaceOrientationLandscapeLeft UIInterfaceOrientationLandscapeRight";
				IPHONEOS_DEPLOYMENT_TARGET = 18.5;
				LD_RUNPATH_SEARCH_PATHS = "@executable_path/Frameworks";
				"LD_RUNPATH_SEARCH_PATHS[sdk=macosx*]" = "@executable_path/../Frameworks";
				MACOSX_DEPLOYMENT_TARGET = 15.5;
				MARKETING_VERSION = 1.0;
				PRODUCT_BUNDLE_IDENTIFIER = com.OpenSeaTakehome;
				PRODUCT_NAME = "$(TARGET_NAME)";
				REGISTER_APP_GROUPS = YES;
				SDKROOT = auto;
				SUPPORTED_PLATFORMS = "iphoneos iphonesimulator macosx xros xrsimulator";
				SWIFT_EMIT_LOC_STRINGS = YES;
				SWIFT_VERSION = 5.0;
				TARGETED_DEVICE_FAMILY = "1,2,7";
				XROS_DEPLOYMENT_TARGET = 2.5;
			};
			name = Debug;
		};
		FA7223242E845E8B00AAA68B /* Release */ = {
			isa = XCBuildConfiguration;
			buildSettings = {
				ASSETCATALOG_COMPILER_APPICON_NAME = AppIcon;
				ASSETCATALOG_COMPILER_GLOBAL_ACCENT_COLOR_NAME = AccentColor;
				CODE_SIGN_ENTITLEMENTS = OpenSeaTakehome/OpenSeaTakehome.entitlements;
				CODE_SIGN_STYLE = Automatic;
				CURRENT_PROJECT_VERSION = 1;
				DEVELOPMENT_TEAM = 2TB8A3S45H;
				ENABLE_HARDENED_RUNTIME = YES;
				ENABLE_PREVIEWS = YES;
				GENERATE_INFOPLIST_FILE = YES;
				INFOPLIST_FILE = OpenSeaTakehome/Info.plist;
				"INFOPLIST_KEY_UIApplicationSceneManifest_Generation[sdk=iphoneos*]" = YES;
				"INFOPLIST_KEY_UIApplicationSceneManifest_Generation[sdk=iphonesimulator*]" = YES;
				"INFOPLIST_KEY_UIApplicationSupportsIndirectInputEvents[sdk=iphoneos*]" = YES;
				"INFOPLIST_KEY_UIApplicationSupportsIndirectInputEvents[sdk=iphonesimulator*]" = YES;
				"INFOPLIST_KEY_UILaunchScreen_Generation[sdk=iphoneos*]" = YES;
				"INFOPLIST_KEY_UILaunchScreen_Generation[sdk=iphonesimulator*]" = YES;
				"INFOPLIST_KEY_UIStatusBarStyle[sdk=iphoneos*]" = UIStatusBarStyleDefault;
				"INFOPLIST_KEY_UIStatusBarStyle[sdk=iphonesimulator*]" = UIStatusBarStyleDefault;
				INFOPLIST_KEY_UISupportedInterfaceOrientations_iPad = "UIInterfaceOrientationPortrait UIInterfaceOrientationPortraitUpsideDown UIInterfaceOrientationLandscapeLeft UIInterfaceOrientationLandscapeRight";
				INFOPLIST_KEY_UISupportedInterfaceOrientations_iPhone = "UIInterfaceOrientationPortrait UIInterfaceOrientationLandscapeLeft UIInterfaceOrientationLandscapeRight";
				IPHONEOS_DEPLOYMENT_TARGET = 18.5;
				LD_RUNPATH_SEARCH_PATHS = "@executable_path/Frameworks";
				"LD_RUNPATH_SEARCH_PATHS[sdk=macosx*]" = "@executable_path/../Frameworks";
				MACOSX_DEPLOYMENT_TARGET = 15.5;
				MARKETING_VERSION = 1.0;
				PRODUCT_BUNDLE_IDENTIFIER = com.OpenSeaTakehome;
				PRODUCT_NAME = "$(TARGET_NAME)";
				REGISTER_APP_GROUPS = YES;
				SDKROOT = auto;
				SUPPORTED_PLATFORMS = "iphoneos iphonesimulator macosx xros xrsimulator";
				SWIFT_EMIT_LOC_STRINGS = YES;
				SWIFT_VERSION = 5.0;
				TARGETED_DEVICE_FAMILY = "1,2,7";
				XROS_DEPLOYMENT_TARGET = 2.5;
			};
			name = Release;
		};
		FA7223262E845E8B00AAA68B /* Debug */ = {
			isa = XCBuildConfiguration;
			buildSettings = {
				BUNDLE_LOADER = "$(TEST_HOST)";
				CODE_SIGN_STYLE = Automatic;
				CURRENT_PROJECT_VERSION = 1;
				DEVELOPMENT_TEAM = 2TB8A3S45H;
				GENERATE_INFOPLIST_FILE = YES;
				IPHONEOS_DEPLOYMENT_TARGET = 18.5;
				MACOSX_DEPLOYMENT_TARGET = 15.5;
				MARKETING_VERSION = 1.0;
				PRODUCT_BUNDLE_IDENTIFIER = com.OpenSeaTakehomeTests;
				PRODUCT_NAME = "$(TARGET_NAME)";
				SDKROOT = auto;
				SUPPORTED_PLATFORMS = "iphoneos iphonesimulator macosx xros xrsimulator";
				SWIFT_EMIT_LOC_STRINGS = NO;
				SWIFT_VERSION = 5.0;
				TARGETED_DEVICE_FAMILY = "1,2,7";
				TEST_HOST = "$(BUILT_PRODUCTS_DIR)/OpenSeaTakehome.app/$(BUNDLE_EXECUTABLE_FOLDER_PATH)/OpenSeaTakehome";
				XROS_DEPLOYMENT_TARGET = 2.5;
			};
			name = Debug;
		};
		FA7223272E845E8B00AAA68B /* Release */ = {
			isa = XCBuildConfiguration;
			buildSettings = {
				BUNDLE_LOADER = "$(TEST_HOST)";
				CODE_SIGN_STYLE = Automatic;
				CURRENT_PROJECT_VERSION = 1;
				DEVELOPMENT_TEAM = 2TB8A3S45H;
				GENERATE_INFOPLIST_FILE = YES;
				IPHONEOS_DEPLOYMENT_TARGET = 18.5;
				MACOSX_DEPLOYMENT_TARGET = 15.5;
				MARKETING_VERSION = 1.0;
				PRODUCT_BUNDLE_IDENTIFIER = com.OpenSeaTakehomeTests;
				PRODUCT_NAME = "$(TARGET_NAME)";
				SDKROOT = auto;
				SUPPORTED_PLATFORMS = "iphoneos iphonesimulator macosx xros xrsimulator";
				SWIFT_EMIT_LOC_STRINGS = NO;
				SWIFT_VERSION = 5.0;
				TARGETED_DEVICE_FAMILY = "1,2,7";
				TEST_HOST = "$(BUILT_PRODUCTS_DIR)/OpenSeaTakehome.app/$(BUNDLE_EXECUTABLE_FOLDER_PATH)/OpenSeaTakehome";
				XROS_DEPLOYMENT_TARGET = 2.5;
			};
			name = Release;
		};
		FA7223292E845E8B00AAA68B /* Debug */ = {
			isa = XCBuildConfiguration;
			buildSettings = {
				CODE_SIGN_STYLE = Automatic;
				CURRENT_PROJECT_VERSION = 1;
				DEVELOPMENT_TEAM = 2TB8A3S45H;
				GENERATE_INFOPLIST_FILE = YES;
				IPHONEOS_DEPLOYMENT_TARGET = 18.5;
				MACOSX_DEPLOYMENT_TARGET = 15.5;
				MARKETING_VERSION = 1.0;
				PRODUCT_BUNDLE_IDENTIFIER = com.OpenSeaTakehomeUITests;
				PRODUCT_NAME = "$(TARGET_NAME)";
				SDKROOT = auto;
				SUPPORTED_PLATFORMS = "iphoneos iphonesimulator macosx xros xrsimulator";
				SWIFT_EMIT_LOC_STRINGS = NO;
				SWIFT_VERSION = 5.0;
				TARGETED_DEVICE_FAMILY = "1,2,7";
				TEST_TARGET_NAME = OpenSeaTakehome;
				XROS_DEPLOYMENT_TARGET = 2.5;
			};
			name = Debug;
		};
		FA72232A2E845E8B00AAA68B /* Release */ = {
			isa = XCBuildConfiguration;
			buildSettings = {
				CODE_SIGN_STYLE = Automatic;
				CURRENT_PROJECT_VERSION = 1;
				DEVELOPMENT_TEAM = 2TB8A3S45H;
				GENERATE_INFOPLIST_FILE = YES;
				IPHONEOS_DEPLOYMENT_TARGET = 18.5;
				MACOSX_DEPLOYMENT_TARGET = 15.5;
				MARKETING_VERSION = 1.0;
				PRODUCT_BUNDLE_IDENTIFIER = com.OpenSeaTakehomeUITests;
				PRODUCT_NAME = "$(TARGET_NAME)";
				SDKROOT = auto;
				SUPPORTED_PLATFORMS = "iphoneos iphonesimulator macosx xros xrsimulator";
				SWIFT_EMIT_LOC_STRINGS = NO;
				SWIFT_VERSION = 5.0;
				TARGETED_DEVICE_FAMILY = "1,2,7";
				TEST_TARGET_NAME = OpenSeaTakehome;
				XROS_DEPLOYMENT_TARGET = 2.5;
			};
			name = Release;
		};
/* End XCBuildConfiguration section */

/* Begin XCConfigurationList section */
		FA7222FB2E845E8900AAA68B /* Build configuration list for PBXProject "OpenSeaTakehome" */ = {
			isa = XCConfigurationList;
			buildConfigurations = (
				FA7223202E845E8B00AAA68B /* Debug */,
				FA7223212E845E8B00AAA68B /* Release */,
			);
			defaultConfigurationIsVisible = 0;
			defaultConfigurationName = Release;
		};
		FA7223222E845E8B00AAA68B /* Build configuration list for PBXNativeTarget "OpenSeaTakehome" */ = {
			isa = XCConfigurationList;
			buildConfigurations = (
				FA7223232E845E8B00AAA68B /* Debug */,
				FA7223242E845E8B00AAA68B /* Release */,
			);
			defaultConfigurationIsVisible = 0;
			defaultConfigurationName = Release;
		};
		FA7223252E845E8B00AAA68B /* Build configuration list for PBXNativeTarget "OpenSeaTakehomeTests" */ = {
			isa = XCConfigurationList;
			buildConfigurations = (
				FA7223262E845E8B00AAA68B /* Debug */,
				FA7223272E845E8B00AAA68B /* Release */,
			);
			defaultConfigurationIsVisible = 0;
			defaultConfigurationName = Release;
		};
		FA7223282E845E8B00AAA68B /* Build configuration list for PBXNativeTarget "OpenSeaTakehomeUITests" */ = {
			isa = XCConfigurationList;
			buildConfigurations = (
				FA7223292E845E8B00AAA68B /* Debug */,
				FA72232A2E845E8B00AAA68B /* Release */,
			);
			defaultConfigurationIsVisible = 0;
			defaultConfigurationName = Release;
		};
/* End XCConfigurationList section */
	};
	rootObject = FA7222F82E845E8900AAA68B /* Project object */;
}
